
Microsoft Visual Studio Solution File, Format Version 12.00
# Visual Studio Version 17
VisualStudioVersion = 17.10.34928.147
MinimumVisualStudioVersion = 10.0.40219.1
Project("{FAE04EC0-301F-11D3-BF4B-00C04F79EFBC}") = "Game_Sim", "Game_Sim\Game_Sim.csproj", "{1766B7A8-567B-4AB4-81A2-86828147ECDB}"
EndProject
Global
	GlobalSection(SolutionConfigurationPlatforms) = preSolution
		Debug|Any CPU = Debug|Any CPU
		Release|Any CPU = Release|Any CPU
	EndGlobalSection
	GlobalSection(ProjectConfigurationPlatforms) = postSolution
		{1766B7A8-567B-4AB4-81A2-86828147ECDB}.Debug|Any CPU.ActiveCfg = Debug|Any CPU
		{1766B7A8-567B-4AB4-81A2-86828147ECDB}.Debug|Any CPU.Build.0 = Debug|Any CPU
		{1766B7A8-567B-4AB4-81A2-86828147ECDB}.Release|Any CPU.ActiveCfg = Release|Any CPU
		{1766B7A8-567B-4AB4-81A2-86828147ECDB}.Release|Any CPU.Build.0 = Release|Any CPU
	EndGlobalSection
	GlobalSection(SolutionProperties) = preSolution
		HideSolutionNode = FALSE
	EndGlobalSection
	GlobalSection(ExtensibilityGlobals) = postSolution
		SolutionGuid = {F9BEB1BB-84C2-46D2-A845-90CFAB548616}
	EndGlobalSection
EndGlobal
